
Microsoft Visual Studio Solution File, Format Version 12.00
# Visual Studio Version 17
VisualStudioVersion = 17.14.36518.9 d17.14
MinimumVisualStudioVersion = 10.0.40219.1
Project("{FAE04EC0-301F-11D3-BF4B-00C04F79EFBC}") = "Shamil_Portfolio", "Shamil_Portfolio.csproj", "{5F264C06-6B02-43E1-B6AD-DF04A0A2C92F}"
EndProject
Global
	GlobalSection(SolutionConfigurationPlatforms) = preSolution
		Debug|Any CPU = Debug|Any CPU
		Release|Any CPU = Release|Any CPU
	EndGlobalSection
	GlobalSection(ProjectConfigurationPlatforms) = postSolution
		{5F264C06-6B02-43E1-B6AD-DF04A0A2C92F}.Debug|Any CPU.ActiveCfg = Debug|Any CPU
		{5F264C06-6B02-43E1-B6AD-DF04A0A2C92F}.Debug|Any CPU.Build.0 = Debug|Any CPU
		{5F264C06-6B02-43E1-B6AD-DF04A0A2C92F}.Release|Any CPU.ActiveCfg = Release|Any CPU
		{5F264C06-6B02-43E1-B6AD-DF04A0A2C92F}.Release|Any CPU.Build.0 = Release|Any CPU
	EndGlobalSection
	GlobalSection(SolutionProperties) = preSolution
		HideSolutionNode = FALSE
	EndGlobalSection
	GlobalSection(ExtensibilityGlobals) = postSolution
		SolutionGuid = {92707E58-44A9-4EFA-8DBA-4CCC0AECC6B7}
	EndGlobalSection
EndGlobal
